[[package]]
name = "pycryptodome"
version = "3.15.0"
requires_python = ">=2.7, !=3.0.*, !=3.1.*, !=3.2.*, !=3.3.*, !=3.4.*"
summary = "Cryptographic library for Python"

[[package]]
name = "tabulate"
version = "0.8.10"
requires_python = ">=2.7, !=3.0.*, !=3.1.*, !=3.2.*, !=3.3.*, !=3.4.*"
summary = "Pretty-print tabular data"

[metadata]
lock_version = "4.0"
content_hash = "sha256:f874a807f49ddea41ebf0dd762b352e06f1f6bf3973e48d7639d3dbe53cacab9"

[metadata.files]
"pycryptodome 3.15.0" = [
    {url = "https://files.pythonhosted.org/packages/00/07/5a262e3213a9358e2f7caf9080aa8a984f44bf4aee84592dfb965dd34355/pycryptodome-3.15.0-cp35-abi3-win_amd64.whl", hash = "sha256:c77126899c4b9c9827ddf50565e93955cb3996813c18900c16b2ea0474e130e9"},
    {url = "https://files.pythonhosted.org/packages/01/bc/7c67348624581fc57e5cb34e650ba09ba668e08e41937d1d1bbdc8cd9e9b/pycryptodome-3.15.0-cp27-cp27m-manylinux2010_i686.whl", hash = "sha256:7c9ed8aa31c146bef65d89a1b655f5f4eab5e1120f55fc297713c89c9e56ff0b"},
    {url = "https://files.pythonhosted.org/packages/11/e4/a8e8056a59c39f8c9ddd11d3bc3e1a67493abe746df727e531f66ecede9e/pycryptodome-3.15.0.tar.gz", hash = "sha256:9135dddad504592bcc18b0d2d95ce86c3a5ea87ec6447ef25cfedea12d6018b8"},
    {url = "https://files.pythonhosted.org/packages/1e/ed/e908d15473f14975f1b29d52de57fee7b035f87ff9560f9dae2e37bf9bc2/pycryptodome-3.15.0-cp27-cp27m-manylinux1_x86_64.whl", hash = "sha256:2ea63d46157386c5053cfebcdd9bd8e0c8b7b0ac4a0507a027f5174929403884"},
    {url = "https://files.pythonhosted.org/packages/2e/6f/27fbd8f3fd8b48feba2b4226f7f8d23af7755c54957fccc3fe6f44b764cf/pycryptodome-3.15.0-cp35-abi3-manylinux1_i686.whl", hash = "sha256:4c3ccad74eeb7b001f3538643c4225eac398c77d617ebb3e57571a897943c667"},
    {url = "https://files.pythonhosted.org/packages/2f/dc/e5bb825eb7348773b77ace0d977f549af851c1d8300f1ba60119e88ba715/pycryptodome-3.15.0-cp35-abi3-macosx_10_9_x86_64.whl", hash = "sha256:9ee40e2168f1348ae476676a2e938ca80a2f57b14a249d8fe0d3cdf803e5a676"},
    {url = "https://files.pythonhosted.org/packages/34/09/ab89d75316862ae9fced5516ba533dc17da89938e7de4d5ddfd8483fd9e8/pycryptodome-3.15.0-cp27-cp27mu-manylinux1_x86_64.whl", hash = "sha256:0926f7cc3735033061ef3cf27ed16faad6544b14666410727b31fea85a5b16eb"},
    {url = "https://files.pythonhosted.org/packages/35/5b/ba592bfd0d3bad9450645b751c132cf1028dc111ae699fd8e70808414941/pycryptodome-3.15.0-cp35-abi3-manylinux2014_aarch64.whl", hash = "sha256:092a26e78b73f2530b8bd6b3898e7453ab2f36e42fd85097d705d6aba2ec3e5e"},
    {url = "https://files.pythonhosted.org/packages/38/a7/ff3d1e9ef28726433b5d6edb5ded96a0b9d85722dad9c3faf27a1372b0a3/pycryptodome-3.15.0-pp36-pypy36_pp73-win32.whl", hash = "sha256:9c772c485b27967514d0df1458b56875f4b6d025566bf27399d0c239ff1b369f"},
    {url = "https://files.pythonhosted.org/packages/55/60/28d873c1efe46cf62494a0393fe34e4757821123fb1af9c45be3b2eeba8a/pycryptodome-3.15.0-cp35-abi3-win32.whl", hash = "sha256:e244ab85c422260de91cda6379e8e986405b4f13dc97d2876497178707f87fc1"},
    {url = "https://files.pythonhosted.org/packages/5a/3d/56084bd2b973c262a59d6b7c5618d93f8ee6045c484e7675e97104e48ac3/pycryptodome-3.15.0-cp27-cp27mu-manylinux2010_x86_64.whl", hash = "sha256:c3640deff4197fa064295aaac10ab49a0d55ef3d6a54ae1499c40d646655c89f"},
    {url = "https://files.pythonhosted.org/packages/5c/9c/2cfbb08a3f573e35818fe49d4f6efdc6c157553b71bc7d65592de49f623f/pycryptodome-3.15.0-cp27-cp27m-win_amd64.whl", hash = "sha256:7e3a8f6ee405b3bd1c4da371b93c31f7027944b2bcce0697022801db93120d83"},
    {url = "https://files.pythonhosted.org/packages/6a/09/84ac32b49e991308749d615e7a5b9ae13b94adb01279224fbca584636977/pycryptodome-3.15.0-cp27-cp27m-manylinux1_i686.whl", hash = "sha256:2ffd8b31561455453ca9f62cb4c24e6b8d119d6d531087af5f14b64bee2c23e6"},
    {url = "https://files.pythonhosted.org/packages/6c/73/7b25e21cbb4aa8817f85fa86537798d681f3dd479fd5d4737e9f3efbaf9e/pycryptodome-3.15.0-cp27-cp27m-manylinux2014_aarch64.whl", hash = "sha256:2ec709b0a58b539a4f9d33fb8508264c3678d7edb33a68b8906ba914f71e8c13"},
    {url = "https://files.pythonhosted.org/packages/74/4d/1340e63264e07ff5f1e1daec9d66015ade99d64f3b966a52ff7ff3f4a362/pycryptodome-3.15.0-pp36-pypy36_pp73-manylinux1_x86_64.whl", hash = "sha256:ecaaef2d21b365d9c5ca8427ffc10cebed9d9102749fd502218c23cb9a05feb5"},
    {url = "https://files.pythonhosted.org/packages/74/f8/e6e9e2426f332b2216950df88bdf160ed90b2dbe42dfd5fc5e8ac33bd583/pycryptodome-3.15.0-cp27-cp27mu-manylinux2010_i686.whl", hash = "sha256:2aa55aae81f935a08d5a3c2042eb81741a43e044bd8a81ea7239448ad751f763"},
    {url = "https://files.pythonhosted.org/packages/7d/ac/843a78bc3c5c680f4c22f530bdb6e2927b770f77630948b0e0247cc23c04/pycryptodome-3.15.0-cp27-cp27m-macosx_10_9_x86_64.whl", hash = "sha256:ff7ae90e36c1715a54446e7872b76102baa5c63aa980917f4aa45e8c78d1a3ec"},
    {url = "https://files.pythonhosted.org/packages/7d/be/e3e56f7f92bebf506aec486eb71d91952d2e9faf5e10872a89931db4120f/pycryptodome-3.15.0-cp35-abi3-manylinux2010_x86_64.whl", hash = "sha256:4b52cb18b0ad46087caeb37a15e08040f3b4c2d444d58371b6f5d786d95534c2"},
    {url = "https://files.pythonhosted.org/packages/86/93/93d5752292d6cf2709d9c3343c26e5a6f308976a566b6e4a389094b83fbe/pycryptodome-3.15.0-cp27-cp27m-manylinux2010_x86_64.whl", hash = "sha256:5099c9ca345b2f252f0c28e96904643153bae9258647585e5e6f649bb7a1844a"},
    {url = "https://files.pythonhosted.org/packages/9b/c0/6aac989804de5526099062b263be17c7216901fc2fbbc4e08b6e44d9c236/pycryptodome-3.15.0-cp27-cp27mu-manylinux2014_aarch64.whl", hash = "sha256:045d75527241d17e6ef13636d845a12e54660aa82e823b3b3341bcf5af03fa79"},
    {url = "https://files.pythonhosted.org/packages/9b/e8/628f92b38ee4475d7b316d04c2913d397cdcc3f3a873bdbea10a438ba9fe/pycryptodome-3.15.0-pp27-pypy_73-manylinux1_x86_64.whl", hash = "sha256:ff287bcba9fbeb4f1cccc1f2e90a08d691480735a611ee83c80a7d74ad72b9d9"},
    {url = "https://files.pythonhosted.org/packages/b1/54/ad3e2e07a5a7ceb926971398f7e3a0eeee85b6e1d3e658df8f71a4497daa/pycryptodome-3.15.0-cp35-abi3-manylinux1_x86_64.whl", hash = "sha256:1b22bcd9ec55e9c74927f6b1f69843cb256fb5a465088ce62837f793d9ffea88"},
    {url = "https://files.pythonhosted.org/packages/b1/6c/4ee93e2e863e95caffc5a356b867e86f5596f4e38cddb43848412dd69176/pycryptodome-3.15.0-pp27-pypy_73-manylinux2010_x86_64.whl", hash = "sha256:60b4faae330c3624cc5a546ba9cfd7b8273995a15de94ee4538130d74953ec2e"},
    {url = "https://files.pythonhosted.org/packages/b1/d5/4a140b9d316681e9d2e55ac8a29f7f70b446c795e0af5f3de2500d7654b0/pycryptodome-3.15.0-cp27-cp27m-win32.whl", hash = "sha256:fd2184aae6ee2a944aaa49113e6f5787cdc5e4db1eb8edb1aea914bd75f33a0c"},
    {url = "https://files.pythonhosted.org/packages/b1/e4/079a70b03928a01d5517cc69a5cf4bca79df7c3d85e27e4e66e9b4e211e7/pycryptodome-3.15.0-cp27-cp27mu-manylinux1_i686.whl", hash = "sha256:b9c5b1a1977491533dfd31e01550ee36ae0249d78aae7f632590db833a5012b8"},
    {url = "https://files.pythonhosted.org/packages/b5/de/a1d1407e0bfd396e62c9efe3261be0c76888a8f3722b9b7f61f460e0e328/pycryptodome-3.15.0-pp36-pypy36_pp73-manylinux2010_x86_64.whl", hash = "sha256:d2a39a66057ab191e5c27211a7daf8f0737f23acbf6b3562b25a62df65ffcb7b"},
    {url = "https://files.pythonhosted.org/packages/bb/7a/0e51d1dc253d0571106009b94762b8ab5a7c905079c354247b721ae1f198/pycryptodome-3.15.0-pp27-pypy_73-macosx_10_9_x86_64.whl", hash = "sha256:9eaadc058106344a566dc51d3d3a758ab07f8edde013712bc8d22032a86b264f"},
    {url = "https://files.pythonhosted.org/packages/c5/b4/526dd68f6c8ff6b785d7a08da7a6bba5646cced508454f1d1ab948e6b737/pycryptodome-3.15.0-cp35-abi3-manylinux2010_i686.whl", hash = "sha256:57f565acd2f0cf6fb3e1ba553d0cb1f33405ec1f9c5ded9b9a0a5320f2c0bd3d"},
    {url = "https://files.pythonhosted.org/packages/c7/d0/319a673a6514beb9a203fdb60f28b87135bbbdda0b3ea782c022414a9034/pycryptodome-3.15.0-pp36-pypy36_pp73-macosx_10_9_x86_64.whl", hash = "sha256:b9cc96e274b253e47ad33ae1fccc36ea386f5251a823ccb50593a935db47fdd2"},
    {url = "https://files.pythonhosted.org/packages/c8/03/1f745c158299000664a6fb5c0b28d5359837b05b4ba1f5a37645da5cad4d/pycryptodome-3.15.0-pp27-pypy_73-win32.whl", hash = "sha256:a8f06611e691c2ce45ca09bbf983e2ff2f8f4f87313609d80c125aff9fad6e7f"},
]
"tabulate 0.8.10" = [
    {url = "https://files.pythonhosted.org/packages/7a/53/afac341569b3fd558bf2b5428e925e2eb8753ad9627c1f9188104c6e0c4a/tabulate-0.8.10.tar.gz", hash = "sha256:6c57f3f3dd7ac2782770155f3adb2db0b1a269637e42f27599925e64b114f519"},
    {url = "https://files.pythonhosted.org/packages/92/4e/e5a13fdb3e6f81ce11893523ff289870c87c8f1f289a7369fb0e9840c3bb/tabulate-0.8.10-py3-none-any.whl", hash = "sha256:0ba055423dbaa164b9e456abe7920c5e8ed33fcc16f6d1b2f2d152c8e1e8b4fc"},
]
